
Microsoft Visual Studio Solution File, Format Version 12.00
# Visual Studio 15
VisualStudioVersion = 15.0.27130.2010
MinimumVisualStudioVersion = 10.0.40219.1
Project("{FAE04EC0-301F-11D3-BF4B-00C04F79EFBC}") = "ConsoleApp1", "ConsoleApp1\ConsoleApp1.csproj", "{F86872CC-F015-47FC-B79A-21A90206DD92}"
EndProject
Global
	GlobalSection(SolutionConfigurationPlatforms) = preSolution
		Debug|Any CPU = Debug|Any CPU
		Release|Any CPU = Release|Any CPU
	EndGlobalSection
	GlobalSection(ProjectConfigurationPlatforms) = postSolution
		{F86872CC-F015-47FC-B79A-21A90206DD92}.Debug|Any CPU.ActiveCfg = Debug|Any CPU
		{F86872CC-F015-47FC-B79A-21A90206DD92}.Debug|Any CPU.Build.0 = Debug|Any CPU
		{F86872CC-F015-47FC-B79A-21A90206DD92}.Release|Any CPU.ActiveCfg = Release|Any CPU
		{F86872CC-F015-47FC-B79A-21A90206DD92}.Release|Any CPU.Build.0 = Release|Any CPU
	EndGlobalSection
	GlobalSection(SolutionProperties) = preSolution
		HideSolutionNode = FALSE
	EndGlobalSection
	GlobalSection(ExtensibilityGlobals) = postSolution
		SolutionGuid = {31458839-8E7C-4AAE-9518-6A95B154FCA2}
	EndGlobalSection
EndGlobal
